<?xml version="1.0" encoding="utf-8"?>
<Project ToolsVersion="4.0" xmlns="http://schemas.microsoft.com/developer/msbuild/2003">
  <ItemGroup>
    <ClInclude Include="App.h" />
    <ClInclude Include="framework.h" />
    <ClInclude Include="Windows\WIC.h" />
    <ClInclude Include="Windows\Direct2D.h" />
    <ClInclude Include="Resources.h" />
    <ClInclude Include="Windows\DirectWrite.h" />
    <ClInclude Include="Windows\Raster.h" />
    <ClInclude Include="Windows\Direct3D.h" />
    <ClInclude Include="Windows\DXGI.h" />
    <ClInclude Include="Windows\COMException.h" />
    <ClInclude Include="Windows\DirectComposition.h" />
    <ClInclude Include="Child.h" />
  </ItemGroup>
  <ItemGroup>
    <ClCompile Include="App.cpp" />
    <ClCompile Include="Windows\WIC.cpp" />
    <ClCompile Include="Windows\Direct2D.cpp" />
    <ClCompile Include="Windows\DirectWrite.cpp" />
    <ClCompile Include="Windows\Raster.cpp" />
    <ClCompile Include="Windows\Direct3D.cpp" />
    <ClCompile Include="Windows\DXGI.cpp" />
    <ClCompile Include="Windows\DirectComposition.cpp" />
    <ClCompile Include="Child.cpp" />
    <ClCompile Include="framework.cpp" />
  </ItemGroup>
  <ItemGroup>
    <ResourceCompile Include="App.rc" />
  </ItemGroup>
  <ItemGroup>
    <None Include="README.md" />
    <None Include=".gitattributes" />
    <None Include=".gitignore" />
  </ItemGroup>
  <ItemGroup>
    <Image Include="Resources\Image01.jpg" />
    <Image Include="Resources\Image02.jpg" />
    <Image Include="Resources\Image03.jpg" />
    <Image Include="Resources\Image04.jpg" />
    <Image Include="Resources\Image05.png" />
    <Image Include="Resources\Screenshot.png" />
    <Image Include="Resources\Homer Simpson.png" />
    <Image Include="Resources\Mail.png" />
  </ItemGroup>
</Project>